
Microsoft Visual Studio Solution File, Format Version 12.00
# Visual Studio Version 16
VisualStudioVersion = 16.0.29519.181
MinimumVisualStudioVersion = 10.0.40219.1
Project("{FAE04EC0-301F-11D3-BF4B-00C04F79EFBC}") = "ProductsAPI", "WebApplication1\ProductsAPI.csproj", "{CE059724-2723-464E-8F0D-17FFAD19377E}"
EndProject
Project("{FAE04EC0-301F-11D3-BF4B-00C04F79EFBC}") = "DataAccess", "DataAccess\DataAccess.csproj", "{E3EFB915-9A07-456B-BF0A-05D559BE506A}"
EndProject
Project("{FAE04EC0-301F-11D3-BF4B-00C04F79EFBC}") = "Repository", "Repository\Repository.csproj", "{4186DD7C-B853-416B-B7DB-8D94B2C965E5}"
EndProject
Project("{FAE04EC0-301F-11D3-BF4B-00C04F79EFBC}") = "BussinesLogic", "BussinesLogic\BussinesLogic.csproj", "{55326B4B-911B-4025-9575-1A79D65648AB}"
EndProject
Project("{FAE04EC0-301F-11D3-BF4B-00C04F79EFBC}") = "DTO", "DTO\DTO.csproj", "{40EE1461-8221-41C7-A883-EEBDC13D412D}"
EndProject
Global
	GlobalSection(SolutionConfigurationPlatforms) = preSolution
		Debug|Any CPU = Debug|Any CPU
		Release|Any CPU = Release|Any CPU
	EndGlobalSection
	GlobalSection(ProjectConfigurationPlatforms) = postSolution
		{CE059724-2723-464E-8F0D-17FFAD19377E}.Debug|Any CPU.ActiveCfg = Debug|Any CPU
		{CE059724-2723-464E-8F0D-17FFAD19377E}.Debug|Any CPU.Build.0 = Debug|Any CPU
		{CE059724-2723-464E-8F0D-17FFAD19377E}.Release|Any CPU.ActiveCfg = Release|Any CPU
		{CE059724-2723-464E-8F0D-17FFAD19377E}.Release|Any CPU.Build.0 = Release|Any CPU
		{E3EFB915-9A07-456B-BF0A-05D559BE506A}.Debug|Any CPU.ActiveCfg = Debug|Any CPU
		{E3EFB915-9A07-456B-BF0A-05D559BE506A}.Debug|Any CPU.Build.0 = Debug|Any CPU
		{E3EFB915-9A07-456B-BF0A-05D559BE506A}.Release|Any CPU.ActiveCfg = Release|Any CPU
		{E3EFB915-9A07-456B-BF0A-05D559BE506A}.Release|Any CPU.Build.0 = Release|Any CPU
		{4186DD7C-B853-416B-B7DB-8D94B2C965E5}.Debug|Any CPU.ActiveCfg = Debug|Any CPU
		{4186DD7C-B853-416B-B7DB-8D94B2C965E5}.Debug|Any CPU.Build.0 = Debug|Any CPU
		{4186DD7C-B853-416B-B7DB-8D94B2C965E5}.Release|Any CPU.ActiveCfg = Release|Any CPU
		{4186DD7C-B853-416B-B7DB-8D94B2C965E5}.Release|Any CPU.Build.0 = Release|Any CPU
		{55326B4B-911B-4025-9575-1A79D65648AB}.Debug|Any CPU.ActiveCfg = Debug|Any CPU
		{55326B4B-911B-4025-9575-1A79D65648AB}.Debug|Any CPU.Build.0 = Debug|Any CPU
		{55326B4B-911B-4025-9575-1A79D65648AB}.Release|Any CPU.ActiveCfg = Release|Any CPU
		{55326B4B-911B-4025-9575-1A79D65648AB}.Release|Any CPU.Build.0 = Release|Any CPU
		{40EE1461-8221-41C7-A883-EEBDC13D412D}.Debug|Any CPU.ActiveCfg = Debug|Any CPU
		{40EE1461-8221-41C7-A883-EEBDC13D412D}.Debug|Any CPU.Build.0 = Debug|Any CPU
		{40EE1461-8221-41C7-A883-EEBDC13D412D}.Release|Any CPU.ActiveCfg = Release|Any CPU
		{40EE1461-8221-41C7-A883-EEBDC13D412D}.Release|Any CPU.Build.0 = Release|Any CPU
	EndGlobalSection
	GlobalSection(SolutionProperties) = preSolution
		HideSolutionNode = FALSE
	EndGlobalSection
	GlobalSection(ExtensibilityGlobals) = postSolution
		SolutionGuid = {7CBC27BA-8E0C-44A8-9F04-777FFF4E0B95}
	EndGlobalSection
EndGlobal
